
Microsoft Visual Studio Solution File, Format Version 12.00
# Visual Studio 14
VisualStudioVersion = 14.0.25420.1
MinimumVisualStudioVersion = 10.0.40219.1
Project("{FAE04EC0-301F-11D3-BF4B-00C04F79EFBC}") = "RecordsDataModel", "RecordsDataModel\RecordsDataModel.csproj", "{70D86F38-5364-44A9-BFDA-0BD74B2EC40F}"
EndProject
Project("{FAE04EC0-301F-11D3-BF4B-00C04F79EFBC}") = "test", "test\test.csproj", "{8EDF2586-EC39-43D0-B59A-CCF7F4616D60}"
EndProject
Global
	GlobalSection(SolutionConfigurationPlatforms) = preSolution
		Debug|Any CPU = Debug|Any CPU
		Release|Any CPU = Release|Any CPU
	EndGlobalSection
	GlobalSection(ProjectConfigurationPlatforms) = postSolution
		{70D86F38-5364-44A9-BFDA-0BD74B2EC40F}.Debug|Any CPU.ActiveCfg = Debug|Any CPU
		{70D86F38-5364-44A9-BFDA-0BD74B2EC40F}.Debug|Any CPU.Build.0 = Debug|Any CPU
		{70D86F38-5364-44A9-BFDA-0BD74B2EC40F}.Release|Any CPU.ActiveCfg = Release|Any CPU
		{70D86F38-5364-44A9-BFDA-0BD74B2EC40F}.Release|Any CPU.Build.0 = Release|Any CPU
		{8EDF2586-EC39-43D0-B59A-CCF7F4616D60}.Debug|Any CPU.ActiveCfg = Debug|Any CPU
		{8EDF2586-EC39-43D0-B59A-CCF7F4616D60}.Debug|Any CPU.Build.0 = Debug|Any CPU
		{8EDF2586-EC39-43D0-B59A-CCF7F4616D60}.Release|Any CPU.ActiveCfg = Release|Any CPU
		{8EDF2586-EC39-43D0-B59A-CCF7F4616D60}.Release|Any CPU.Build.0 = Release|Any CPU
	EndGlobalSection
	GlobalSection(SolutionProperties) = preSolution
		HideSolutionNode = FALSE
	EndGlobalSection
EndGlobal
